
Microsoft Visual Studio Solution File, Format Version 12.00
Project("{FAE04EC0-301F-11D3-BF4B-00C04F79EFBC}") = "Zadnie5- ProgramowanieObiektowe", "Zadnie5- ProgramowanieObiektowe\Zadnie5- ProgramowanieObiektowe.csproj", "{BD972B81-D271-4933-A747-9D12D85682B8}"
EndProject
Global
	GlobalSection(SolutionConfigurationPlatforms) = preSolution
		Debug|Any CPU = Debug|Any CPU
		Release|Any CPU = Release|Any CPU
	EndGlobalSection
	GlobalSection(ProjectConfigurationPlatforms) = postSolution
		{BD972B81-D271-4933-A747-9D12D85682B8}.Debug|Any CPU.ActiveCfg = Debug|Any CPU
		{BD972B81-D271-4933-A747-9D12D85682B8}.Debug|Any CPU.Build.0 = Debug|Any CPU
		{BD972B81-D271-4933-A747-9D12D85682B8}.Release|Any CPU.ActiveCfg = Release|Any CPU
		{BD972B81-D271-4933-A747-9D12D85682B8}.Release|Any CPU.Build.0 = Release|Any CPU
	EndGlobalSection
EndGlobal
